lockVersion: 2.0.0
id: de716a7b-1c11-48d1-9eee-e5a2748e4064
management:
  docChecksum: 998f6552c41b6b3b7ff66d3f2d784f6a
  docVersion: 11.11.0
  speakeasyVersion: internal
  generationVersion: 2.258.2
  releaseVersion: 0.9.1
  configChecksum: 74ab2f03e78eecd4097ca0e8664c6adc
  repoURL: https://github.com/speakeasy-sdks/akaris-hotel-python.git
  repoSubDirectory: .
  installationURL: https://github.com/speakeasy-sdks/akaris-hotel-python.git
features:
  python:
    constsAndDefaults: 0.1.2
    core: 4.4.6
    globalSecurity: 2.83.2
    globalServerURLs: 2.82.1
generatedFiles:
  - src/akaris_backend/sdkconfiguration.py
  - src/akaris_backend/hotel_availability.py
  - src/akaris_backend/reservation_hotel.py
  - src/akaris_backend/hotel_rules.py
  - src/akaris_backend/search_hotel.py
  - src/akaris_backend/precision_search_hotel.py
  - src/akaris_backend/sdk.py
  - pylintrc
  - setup.py
  - src/akaris_backend/__init__.py
  - src/akaris_backend/utils/__init__.py
  - src/akaris_backend/utils/retries.py
  - src/akaris_backend/utils/utils.py
  - src/akaris_backend/models/errors/sdkerror.py
  - tests/helpers.py
  - src/akaris_backend/models/operations/createhotelavailability.py
  - src/akaris_backend/models/operations/hotelavailabilityfromproperties.py
  - src/akaris_backend/models/operations/buildhotelreservation.py
  - src/akaris_backend/models/operations/cancelhoteloffer.py
  - src/akaris_backend/models/operations/createhotelreservation.py
  - src/akaris_backend/models/operations/retrievehotelreservation.py
  - src/akaris_backend/models/operations/updatehotelreservation.py
  - src/akaris_backend/models/operations/buildfromcatalogofferings.py
  - src/akaris_backend/models/operations/buildhotelrulesfromcatalogoffering.py
  - src/akaris_backend/models/operations/createhotelrules.py
  - src/akaris_backend/models/operations/create.py
  - src/akaris_backend/models/operations/getpropertiesdetail.py
  - src/akaris_backend/models/operations/getpropertiespage.py
  - src/akaris_backend/models/operations/searchproperties.py
  - src/akaris_backend/models/operations/createprecision.py
  - src/akaris_backend/models/operations/precisionsearchproperties.py
  - src/akaris_backend/models/shared/catalogofferingshospitalityresponsewrapper.py
  - src/akaris_backend/models/shared/catalogofferingshospitalityresponse.py
  - src/akaris_backend/models/shared/result.py
  - src/akaris_backend/models/shared/resultstatusenum.py
  - src/akaris_backend/models/shared/warning.py
  - src/akaris_backend/models/shared/namevaluepair.py
  - src/akaris_backend/models/shared/error.py
  - src/akaris_backend/models/shared/referencelist.py
  - src/akaris_backend/models/shared/nextsteps.py
  - src/akaris_backend/models/shared/nextstep.py
  - src/akaris_backend/models/shared/nextstepmethodenum.py
  - src/akaris_backend/models/shared/identifier.py
  - src/akaris_backend/models/shared/currencyrateconversion.py
  - src/akaris_backend/models/shared/currencycode.py
  - src/akaris_backend/models/shared/conversionrate.py
  - src/akaris_backend/models/shared/catalogofferings.py
  - src/akaris_backend/models/shared/catalogoffering.py
  - src/akaris_backend/models/shared/termsandconditions.py
  - src/akaris_backend/models/shared/customerloyalty.py
  - src/akaris_backend/models/shared/productoptions.py
  - src/akaris_backend/models/shared/productid.py
  - src/akaris_backend/models/shared/pricedetail.py
  - src/akaris_backend/models/shared/vendorcurrencytotal.py
  - src/akaris_backend/models/shared/currencysourceenum.py
  - src/akaris_backend/models/shared/taxes.py
  - src/akaris_backend/models/shared/taxinfo.py
  - src/akaris_backend/models/shared/taxbreakdown.py
  - src/akaris_backend/models/shared/fees.py
  - src/akaris_backend/models/shared/pricebreakdown.py
  - src/akaris_backend/models/shared/commission.py
  - src/akaris_backend/models/shared/commissionenum.py
  - src/akaris_backend/models/shared/amount.py
  - src/akaris_backend/models/shared/ancillaryofferingid.py
  - src/akaris_backend/models/shared/catalogofferingsqueryrequesthospitalitywrapper.py
  - src/akaris_backend/models/shared/catalogofferingsqueryrequest.py
  - src/akaris_backend/models/shared/catalogofferingsrequesthospitality.py
  - src/akaris_backend/models/shared/dateordatewindows.py
  - src/akaris_backend/models/shared/durationunitenum.py
  - src/akaris_backend/models/shared/searchcontrolconsolechannelid.py
  - src/akaris_backend/models/shared/currencyamount.py
  - src/akaris_backend/models/shared/hotelsearchcriterion.py
  - src/akaris_backend/models/shared/roomstaycandidates.py
  - src/akaris_backend/models/shared/roomstaycandidate.py
  - src/akaris_backend/models/shared/roomamenity.py
  - src/akaris_backend/models/shared/guestcounts.py
  - src/akaris_backend/models/shared/guestcount.py
  - src/akaris_backend/models/shared/ratecandidates.py
  - src/akaris_backend/models/shared/ratecandidate.py
  - src/akaris_backend/models/shared/ratecategoryenum.py
  - src/akaris_backend/models/shared/propertyrequest.py
  - src/akaris_backend/models/shared/propertykey.py
  - src/akaris_backend/models/shared/catalogofferingsquerybuildfrompropertieswrapper.py
  - src/akaris_backend/models/shared/catalogofferingsquerybuildfromproperties.py
  - src/akaris_backend/models/shared/buildfromproperties.py
  - src/akaris_backend/models/shared/reservationresponsewrapper.py
  - src/akaris_backend/models/shared/reservationresponse.py
  - src/akaris_backend/models/shared/reservationid.py
  - src/akaris_backend/models/shared/reservationquerybuildwrapper.py
  - src/akaris_backend/models/shared/reservationquerybuild.py
  - src/akaris_backend/models/shared/reservationbuild.py
  - src/akaris_backend/models/shared/travelerid.py
  - src/akaris_backend/models/shared/travelagency.py
  - src/akaris_backend/models/shared/organizationtypeenum.py
  - src/akaris_backend/models/shared/companyname.py
  - src/akaris_backend/models/shared/specialserviceid.py
  - src/akaris_backend/models/shared/reservationcommentid.py
  - src/akaris_backend/models/shared/receiptconfirmation.py
  - src/akaris_backend/models/shared/confirmation.py
  - src/akaris_backend/models/shared/primarycontactid.py
  - src/akaris_backend/models/shared/preferenceid.py
  - src/akaris_backend/models/shared/paymentid.py
  - src/akaris_backend/models/shared/formofpaymentid.py
  - src/akaris_backend/models/shared/documentoverridesid.py
  - src/akaris_backend/models/shared/accountingid.py
  - src/akaris_backend/models/shared/reservationdetailwrapper.py
  - src/akaris_backend/models/shared/reservationdetail.py
  - src/akaris_backend/models/shared/travelerproduct.py
  - src/akaris_backend/models/shared/confirmationstatusenum.py
  - src/akaris_backend/models/shared/traveler.py
  - src/akaris_backend/models/shared/genderenum.py
  - src/akaris_backend/models/shared/traveldocument.py
  - src/akaris_backend/models/shared/doctypecodeenum.py
  - src/akaris_backend/models/shared/personname.py
  - src/akaris_backend/models/shared/telephone.py
  - src/akaris_backend/models/shared/enum_telephonerole.py
  - src/akaris_backend/models/shared/raildiscountcard.py
  - src/akaris_backend/models/shared/email.py
  - src/akaris_backend/models/shared/yesnoinheritenum.py
  - src/akaris_backend/models/shared/optinstatusenum.py
  - src/akaris_backend/models/shared/comments.py
  - src/akaris_backend/models/shared/comment.py
  - src/akaris_backend/models/shared/alternatecontact.py
  - src/akaris_backend/models/shared/address.py
  - src/akaris_backend/models/shared/enum_addressrole.py
  - src/akaris_backend/models/shared/stateprov.py
  - src/akaris_backend/models/shared/addressstreetnumber.py
  - src/akaris_backend/models/shared/country.py
  - src/akaris_backend/models/shared/addressbldgroom.py
  - src/akaris_backend/models/shared/specialservice.py
  - src/akaris_backend/models/shared/traveleridentifier.py
  - src/akaris_backend/models/shared/status.py
  - src/akaris_backend/models/shared/appliesto.py
  - src/akaris_backend/models/shared/shoppingcart.py
  - src/akaris_backend/models/shared/productair.py
  - src/akaris_backend/models/shared/passengerflight.py
  - src/akaris_backend/models/shared/flightproduct.py
  - src/akaris_backend/models/shared/yesnounknownenum.py
  - src/akaris_backend/models/shared/faretypeenum.py
  - src/akaris_backend/models/shared/cabinairenum.py
  - src/akaris_backend/models/shared/farequalifierenum.py
  - src/akaris_backend/models/shared/farequalifierenum_base.py
  - src/akaris_backend/models/shared/customerloyaltycredit.py
  - src/akaris_backend/models/shared/classofserviceavailability.py
  - src/akaris_backend/models/shared/availabilitystatusenum.py
  - src/akaris_backend/models/shared/brandid.py
  - src/akaris_backend/models/shared/flightsegment.py
  - src/akaris_backend/models/shared/operationalstatusenum.py
  - src/akaris_backend/models/shared/operationalstatusenum_base.py
  - src/akaris_backend/models/shared/flightid.py
  - src/akaris_backend/models/shared/measurement.py
  - src/akaris_backend/models/shared/unitofmeasureenum.py
  - src/akaris_backend/models/shared/measurementtypeenum.py
  - src/akaris_backend/models/shared/reservationdisplaysequence.py
  - src/akaris_backend/models/shared/displaysequence.py
  - src/akaris_backend/models/shared/reservationcomment.py
  - src/akaris_backend/models/shared/sharewithenum.py
  - src/akaris_backend/models/shared/commentsourceenum.py
  - src/akaris_backend/models/shared/receipt.py
  - src/akaris_backend/models/shared/primarycontact.py
  - src/akaris_backend/models/shared/preference.py
  - src/akaris_backend/models/shared/payment.py
  - src/akaris_backend/models/shared/traveleridentifierref.py
  - src/akaris_backend/models/shared/offeridentifier.py
  - src/akaris_backend/models/shared/formofpaymentidentifier.py
  - src/akaris_backend/models/shared/extendedpayment.py
  - src/akaris_backend/models/shared/agencyservicefeeidentifier.py
  - src/akaris_backend/models/shared/organizationloyaltyprogram.py
  - src/akaris_backend/models/shared/offerlink.py
  - src/akaris_backend/models/shared/parentoffer.py
  - src/akaris_backend/models/shared/offer.py
  - src/akaris_backend/models/shared/termsandconditionsfull.py
  - src/akaris_backend/models/shared/textblock.py
  - src/akaris_backend/models/shared/textformatted.py
  - src/akaris_backend/models/shared/textformatenum.py
  - src/akaris_backend/models/shared/price.py
  - src/akaris_backend/models/shared/documentoverrides.py
  - src/akaris_backend/models/shared/tourcodes.py
  - src/akaris_backend/models/shared/tourcode.py
  - src/akaris_backend/models/shared/tourcodetypeenum.py
  - src/akaris_backend/models/shared/ticketdesignators.py
  - src/akaris_backend/models/shared/restrictions.py
  - src/akaris_backend/models/shared/documenttypeenum.py
  - src/akaris_backend/models/shared/productidentifier.py
  - src/akaris_backend/models/shared/netremitinfo.py
  - src/akaris_backend/models/shared/filedamount.py
  - src/akaris_backend/models/shared/destinationpurpose.py
  - src/akaris_backend/models/shared/purposeenum.py
  - src/akaris_backend/models/shared/destinationenum.py
  - src/akaris_backend/models/shared/commissions.py
  - src/akaris_backend/models/shared/commissionapplyenum.py
  - src/akaris_backend/models/shared/changefeecollectionmethod.py
  - src/akaris_backend/models/shared/changefeemethodenum.py
  - src/akaris_backend/models/shared/changefeemethodenum_base.py
  - src/akaris_backend/models/shared/agencyservicefee.py
  - src/akaris_backend/models/shared/tax.py
  - src/akaris_backend/models/shared/documentnumber.py
  - src/akaris_backend/models/shared/accounting.py
  - src/akaris_backend/models/shared/identifiertypeenum.py
  - src/akaris_backend/models/shared/offerhospitalityresponsewrapper.py
  - src/akaris_backend/models/shared/offerhospitalityresponse.py
  - src/akaris_backend/models/shared/offerquerybuildfromcatalogofferingshospitalitywrapper.py
  - src/akaris_backend/models/shared/offerquerybuildfromcatalogofferingshospitality.py
  - src/akaris_backend/models/shared/buildfromcatalogofferingsrequest.py
  - src/akaris_backend/models/shared/catalogofferingsidentifier.py
  - src/akaris_backend/models/shared/catalogofferingidentifier.py
  - src/akaris_backend/models/shared/ancillaryofferingidentifier.py
  - src/akaris_backend/models/shared/offerquerybuildfromcatalogofferingwrapper.py
  - src/akaris_backend/models/shared/offerquerybuildfromcatalogoffering.py
  - src/akaris_backend/models/shared/buildfromcatalogofferinghospitality.py
  - src/akaris_backend/models/shared/offerqueryhospitalityrequestwrapper.py
  - src/akaris_backend/models/shared/offerqueryhospitalityrequest.py
  - src/akaris_backend/models/shared/hotelaggregatorenum.py
  - src/akaris_backend/models/shared/propertiesresponsewrapper.py
  - src/akaris_backend/models/shared/propertiesresponse.py
  - src/akaris_backend/models/shared/properties.py
  - src/akaris_backend/models/shared/propertyinfo.py
  - src/akaris_backend/models/shared/propertydetail.py
  - src/akaris_backend/models/shared/virtualtour.py
  - src/akaris_backend/models/shared/textfree.py
  - src/akaris_backend/models/shared/restaurant.py
  - src/akaris_backend/models/shared/distance.py
  - src/akaris_backend/models/shared/unitofdistanceenum.py
  - src/akaris_backend/models/shared/rating.py
  - src/akaris_backend/models/shared/propertyamenity.py
  - src/akaris_backend/models/shared/operationtimes.py
  - src/akaris_backend/models/shared/dayofweekenum.py
  - src/akaris_backend/models/shared/petpolicy.py
  - src/akaris_backend/models/shared/texttitleanddescription.py
  - src/akaris_backend/models/shared/meetingrooms.py
  - src/akaris_backend/models/shared/meetingroom.py
  - src/akaris_backend/models/shared/unitofsize.py
  - src/akaris_backend/models/shared/image.py
  - src/akaris_backend/models/shared/pictureofenum.py
  - src/akaris_backend/models/shared/imagesizeenum.py
  - src/akaris_backend/models/shared/guestroominfo.py
  - src/akaris_backend/models/shared/geolocation.py
  - src/akaris_backend/models/shared/positionaccuracyenum.py
  - src/akaris_backend/models/shared/checkinoutpolicy.py
  - src/akaris_backend/models/shared/service.py
  - src/akaris_backend/models/shared/attraction.py
  - src/akaris_backend/models/shared/ota_codewithdescription.py
  - src/akaris_backend/models/shared/maximumavailablerate.py
  - src/akaris_backend/models/shared/propertiesqueryspecificpropertylistwrapper.py
  - src/akaris_backend/models/shared/propertiesqueryspecificpropertylist.py
  - src/akaris_backend/models/shared/propertiesquerysearchwrapper.py
  - src/akaris_backend/models/shared/propertiesquerysearch.py
  - src/akaris_backend/models/shared/hotelsortorderenum.py
  - src/akaris_backend/models/shared/searchby.py
  - src/akaris_backend/models/shared/propertiesqueryspecificprecisionpropertylistwrapper.py
  - src/akaris_backend/models/shared/propertiesqueryspecificprecisionpropertylist.py
  - src/akaris_backend/models/shared/mealsincluded.py
  - src/akaris_backend/models/shared/propertiesqueryprecisionsearchwrapper.py
  - src/akaris_backend/models/shared/propertiesqueryprecisionsearch.py
  - src/akaris_backend/models/shared/security.py
  - src/akaris_backend/models/errors/baseresponse.py
  - src/akaris_backend/models/__init__.py
  - src/akaris_backend/models/errors/__init__.py
  - src/akaris_backend/models/operations/__init__.py
  - src/akaris_backend/models/shared/__init__.py
  - docs/models/operations/createhotelavailabilityrequest.md
  - docs/models/operations/createhotelavailabilityresponse.md
  - docs/models/operations/hotelavailabilityfrompropertiesrequest.md
  - docs/models/operations/hotelavailabilityfrompropertiesresponse.md
  - docs/models/operations/buildhotelreservationrequest.md
  - docs/models/operations/buildhotelreservationresponse.md
  - docs/models/operations/cancelhotelofferrequest.md
  - docs/models/operations/cancelhotelofferresponse.md
  - docs/models/operations/createhotelreservationrequest.md
  - docs/models/operations/createhotelreservationresponse.md
  - docs/models/operations/retrievehotelreservationrequest.md
  - docs/models/operations/retrievehotelreservationresponse.md
  - docs/models/operations/updatehotelreservationrequest.md
  - docs/models/operations/updatehotelreservationresponse.md
  - docs/models/operations/buildfromcatalogofferingsrequest.md
  - docs/models/operations/buildfromcatalogofferingsresponse.md
  - docs/models/operations/buildhotelrulesfromcatalogofferingrequest.md
  - docs/models/operations/buildhotelrulesfromcatalogofferingresponse.md
  - docs/models/operations/createhotelrulesrequest.md
  - docs/models/operations/createhotelrulesresponse.md
  - docs/models/operations/createrequest.md
  - docs/models/operations/createresponse.md
  - docs/models/operations/getpropertiesdetailrequest.md
  - docs/models/operations/getpropertiesdetailresponse.md
  - docs/models/operations/getpropertiespagerequest.md
  - docs/models/operations/getpropertiespageresponse.md
  - docs/models/operations/searchpropertiesrequest.md
  - docs/models/operations/searchpropertiesresponse.md
  - docs/models/operations/createprecisionrequest.md
  - docs/models/operations/createprecisionresponse.md
  - docs/models/operations/precisionsearchpropertiesrequest.md
  - docs/models/operations/precisionsearchpropertiesresponse.md
  - docs/models/shared/catalogofferingshospitalityresponsewrapper.md
  - docs/models/shared/catalogofferingshospitalityresponse.md
  - docs/models/shared/result.md
  - docs/models/shared/resultstatusenum.md
  - docs/models/shared/warningt.md
  - docs/models/shared/namevaluepair.md
  - docs/models/shared/error.md
  - docs/models/shared/referencelist.md
  - docs/models/shared/nextsteps.md
  - docs/models/shared/nextstep.md
  - docs/models/shared/nextstepmethodenum.md
  - docs/models/shared/identifier.md
  - docs/models/shared/currencyrateconversion.md
  - docs/models/shared/currencycode.md
  - docs/models/shared/conversionrate.md
  - docs/models/shared/catalogofferings.md
  - docs/models/shared/catalogoffering.md
  - docs/models/shared/termsandconditions.md
  - docs/models/shared/customerloyalty.md
  - docs/models/shared/productoptions.md
  - docs/models/shared/productid.md
  - docs/models/shared/pricedetail.md
  - docs/models/shared/vendorcurrencytotal.md
  - docs/models/shared/currencysourceenum.md
  - docs/models/shared/taxes.md
  - docs/models/shared/taxinfo.md
  - docs/models/shared/taxbreakdown.md
  - docs/models/shared/fees.md
  - docs/models/shared/pricebreakdown.md
  - docs/models/shared/commission.md
  - docs/models/shared/commissionenum.md
  - docs/models/shared/amount.md
  - docs/models/shared/ancillaryofferingid.md
  - docs/models/shared/catalogofferingsqueryrequesthospitalitywrapper.md
  - docs/models/shared/catalogofferingsqueryrequest.md
  - docs/models/shared/catalogofferingsrequesthospitality.md
  - docs/models/shared/dateordatewindows.md
  - docs/models/shared/durationunitenum.md
  - docs/models/shared/searchcontrolconsolechannelid.md
  - docs/models/shared/currencyamount.md
  - docs/models/shared/hotelsearchcriterion.md
  - docs/models/shared/roomstaycandidates.md
  - docs/models/shared/roomstaycandidate.md
  - docs/models/shared/roomamenity.md
  - docs/models/shared/guestcounts.md
  - docs/models/shared/guestcount.md
  - docs/models/shared/ratecandidates.md
  - docs/models/shared/ratecandidate.md
  - docs/models/shared/ratecategoryenum.md
  - docs/models/shared/propertyrequest.md
  - docs/models/shared/propertykey.md
  - docs/models/shared/catalogofferingsquerybuildfrompropertieswrapper.md
  - docs/models/shared/catalogofferingsquerybuildfromproperties.md
  - docs/models/shared/buildfromproperties.md
  - docs/models/shared/reservationresponsewrapper.md
  - docs/models/shared/reservationresponse.md
  - docs/models/shared/reservationid.md
  - docs/models/shared/reservationquerybuildwrapper.md
  - docs/models/shared/reservationquerybuild.md
  - docs/models/shared/reservationbuild.md
  - docs/models/shared/travelerid.md
  - docs/models/shared/travelagency.md
  - docs/models/shared/organizationtypeenum.md
  - docs/models/shared/companyname.md
  - docs/models/shared/specialserviceid.md
  - docs/models/shared/reservationcommentid.md
  - docs/models/shared/receiptconfirmation.md
  - docs/models/shared/confirmation.md
  - docs/models/shared/primarycontactid.md
  - docs/models/shared/preferenceid.md
  - docs/models/shared/paymentid.md
  - docs/models/shared/formofpaymentid.md
  - docs/models/shared/documentoverridesid.md
  - docs/models/shared/accountingid.md
  - docs/models/shared/reservationdetailwrapper.md
  - docs/models/shared/reservationdetail.md
  - docs/models/shared/travelerproduct.md
  - docs/models/shared/confirmationstatusenum.md
  - docs/models/shared/traveler.md
  - docs/models/shared/genderenum.md
  - docs/models/shared/traveldocument.md
  - docs/models/shared/doctypecodeenum.md
  - docs/models/shared/personname.md
  - docs/models/shared/telephone.md
  - docs/models/shared/enumtelephonerole.md
  - docs/models/shared/raildiscountcard.md
  - docs/models/shared/email.md
  - docs/models/shared/yesnoinheritenum.md
  - docs/models/shared/optinstatusenum.md
  - docs/models/shared/comments.md
  - docs/models/shared/comment.md
  - docs/models/shared/alternatecontact.md
  - docs/models/shared/address.md
  - docs/models/shared/enumaddressrole.md
  - docs/models/shared/stateprov.md
  - docs/models/shared/addressstreetnumber.md
  - docs/models/shared/country.md
  - docs/models/shared/addressbldgroom.md
  - docs/models/shared/specialservice.md
  - docs/models/shared/traveleridentifier.md
  - docs/models/shared/status.md
  - docs/models/shared/appliesto.md
  - docs/models/shared/shoppingcart.md
  - docs/models/shared/productair.md
  - docs/models/shared/passengerflight.md
  - docs/models/shared/flightproduct.md
  - docs/models/shared/yesnounknownenum.md
  - docs/models/shared/faretypeenum.md
  - docs/models/shared/cabinairenum.md
  - docs/models/shared/farequalifierenum.md
  - docs/models/shared/farequalifierenumbase.md
  - docs/models/shared/customerloyaltycredit.md
  - docs/models/shared/classofserviceavailability.md
  - docs/models/shared/availabilitystatusenum.md
  - docs/models/shared/brandid.md
  - docs/models/shared/flightsegment.md
  - docs/models/shared/operationalstatusenum.md
  - docs/models/shared/operationalstatusenumbase.md
  - docs/models/shared/flightid.md
  - docs/models/shared/measurement.md
  - docs/models/shared/unitofmeasureenum.md
  - docs/models/shared/measurementtypeenum.md
  - docs/models/shared/reservationdisplaysequence.md
  - docs/models/shared/displaysequence.md
  - docs/models/shared/reservationcomment.md
  - docs/models/shared/sharewithenum.md
  - docs/models/shared/commentsourceenum.md
  - docs/models/shared/receipt.md
  - docs/models/shared/primarycontact.md
  - docs/models/shared/preference.md
  - docs/models/shared/payment.md
  - docs/models/shared/traveleridentifierref.md
  - docs/models/shared/offeridentifier.md
  - docs/models/shared/formofpaymentidentifier.md
  - docs/models/shared/extendedpayment.md
  - docs/models/shared/agencyservicefeeidentifier.md
  - docs/models/shared/organizationloyaltyprogram.md
  - docs/models/shared/offerlink.md
  - docs/models/shared/parentoffer.md
  - docs/models/shared/offer.md
  - docs/models/shared/termsandconditionsfull.md
  - docs/models/shared/textblock.md
  - docs/models/shared/textformatted.md
  - docs/models/shared/textformatenum.md
  - docs/models/shared/price.md
  - docs/models/shared/documentoverrides.md
  - docs/models/shared/tourcodes.md
  - docs/models/shared/tourcode.md
  - docs/models/shared/tourcodetypeenum.md
  - docs/models/shared/ticketdesignators.md
  - docs/models/shared/restrictions.md
  - docs/models/shared/documenttypeenum.md
  - docs/models/shared/productidentifier.md
  - docs/models/shared/netremitinfo.md
  - docs/models/shared/filedamount.md
  - docs/models/shared/destinationpurpose.md
  - docs/models/shared/purposeenum.md
  - docs/models/shared/destinationenum.md
  - docs/models/shared/commissions.md
  - docs/models/shared/commissionapplyenum.md
  - docs/models/shared/changefeecollectionmethod.md
  - docs/models/shared/changefeemethodenum.md
  - docs/models/shared/changefeemethodenumbase.md
  - docs/models/shared/agencyservicefee.md
  - docs/models/shared/tax.md
  - docs/models/shared/documentnumber.md
  - docs/models/shared/accounting.md
  - docs/models/shared/identifiertypeenum.md
  - docs/models/shared/offerhospitalityresponsewrapper.md
  - docs/models/shared/offerhospitalityresponse.md
  - docs/models/shared/offerquerybuildfromcatalogofferingshospitalitywrapper.md
  - docs/models/shared/offerquerybuildfromcatalogofferingshospitality.md
  - docs/models/shared/buildfromcatalogofferingsrequest.md
  - docs/models/shared/catalogofferingsidentifier.md
  - docs/models/shared/catalogofferingidentifier.md
  - docs/models/shared/ancillaryofferingidentifier.md
  - docs/models/shared/offerquerybuildfromcatalogofferingwrapper.md
  - docs/models/shared/offerquerybuildfromcatalogoffering.md
  - docs/models/shared/buildfromcatalogofferinghospitality.md
  - docs/models/shared/offerqueryhospitalityrequestwrapper.md
  - docs/models/shared/offerqueryhospitalityrequest.md
  - docs/models/shared/hotelaggregatorenum.md
  - docs/models/shared/propertiesresponsewrapper.md
  - docs/models/shared/propertiesresponse.md
  - docs/models/shared/properties.md
  - docs/models/shared/propertyinfo.md
  - docs/models/shared/propertydetail.md
  - docs/models/shared/virtualtour.md
  - docs/models/shared/textfree.md
  - docs/models/shared/restaurant.md
  - docs/models/shared/distance.md
  - docs/models/shared/unitofdistanceenum.md
  - docs/models/shared/rating.md
  - docs/models/shared/propertyamenity.md
  - docs/models/shared/operationtimes.md
  - docs/models/shared/dayofweekenum.md
  - docs/models/shared/petpolicy.md
  - docs/models/shared/texttitleanddescription.md
  - docs/models/shared/meetingrooms.md
  - docs/models/shared/meetingroom.md
  - docs/models/shared/unitofsize.md
  - docs/models/shared/image.md
  - docs/models/shared/pictureofenum.md
  - docs/models/shared/imagesizeenum.md
  - docs/models/shared/guestroominfo.md
  - docs/models/shared/geolocation.md
  - docs/models/shared/positionaccuracyenum.md
  - docs/models/shared/checkinoutpolicy.md
  - docs/models/shared/service.md
  - docs/models/shared/attraction.md
  - docs/models/shared/otacodewithdescription.md
  - docs/models/shared/maximumavailablerate.md
  - docs/models/shared/propertiesqueryspecificpropertylistwrapper.md
  - docs/models/shared/propertiesqueryspecificpropertylist.md
  - docs/models/shared/propertiesquerysearchwrapper.md
  - docs/models/shared/propertiesquerysearch.md
  - docs/models/shared/hotelsortorderenum.md
  - docs/models/shared/searchby.md
  - docs/models/shared/propertiesqueryspecificprecisionpropertylistwrapper.md
  - docs/models/shared/propertiesqueryspecificprecisionpropertylist.md
  - docs/models/shared/mealsincluded.md
  - docs/models/shared/propertiesqueryprecisionsearchwrapper.md
  - docs/models/shared/propertiesqueryprecisionsearch.md
  - docs/models/shared/security.md
  - docs/models/errors/baseresponse.md
  - docs/sdks/akarisbackend/README.md
  - docs/sdks/hotelavailability/README.md
  - docs/sdks/reservationhotel/README.md
  - docs/sdks/hotelrules/README.md
  - docs/sdks/searchhotel/README.md
  - docs/sdks/precisionsearchhotel/README.md
  - USAGE.md
  - .gitattributes
